
Microsoft Visual Studio Solution File, Format Version 12.00
# Visual Studio Version 16
VisualStudioVersion = 16.0.30804.86
MinimumVisualStudioVersion = 10.0.40219.1
Project("{FAE04EC0-301F-11D3-BF4B-00C04F79EFBC}") = "Exercicio01-4", "Exercicio01-4\Exercicio01-4.csproj", "{E54360D3-3CA2-42A9-B96F-2F5EBFC5FF86}"
EndProject
Global
	GlobalSection(SolutionConfigurationPlatforms) = preSolution
		Debug|Any CPU = Debug|Any CPU
		Release|Any CPU = Release|Any CPU
	EndGlobalSection
	GlobalSection(ProjectConfigurationPlatforms) = postSolution
		{E54360D3-3CA2-42A9-B96F-2F5EBFC5FF86}.Debug|Any CPU.ActiveCfg = Debug|Any CPU
		{E54360D3-3CA2-42A9-B96F-2F5EBFC5FF86}.Debug|Any CPU.Build.0 = Debug|Any CPU
		{E54360D3-3CA2-42A9-B96F-2F5EBFC5FF86}.Release|Any CPU.ActiveCfg = Release|Any CPU
		{E54360D3-3CA2-42A9-B96F-2F5EBFC5FF86}.Release|Any CPU.Build.0 = Release|Any CPU
	EndGlobalSection
	GlobalSection(SolutionProperties) = preSolution
		HideSolutionNode = FALSE
	EndGlobalSection
	GlobalSection(ExtensibilityGlobals) = postSolution
		SolutionGuid = {10452442-74E0-4902-BFE6-2F6C7856B5B4}
	EndGlobalSection
EndGlobal
