
Microsoft Visual Studio Solution File, Format Version 12.00
# Visual Studio Version 16
VisualStudioVersion = 16.0.30804.86
MinimumVisualStudioVersion = 10.0.40219.1
Project("{FAE04EC0-301F-11D3-BF4B-00C04F79EFBC}") = "URI", "URI\URI.csproj", "{35DB600D-5B30-44F1-83E0-8A5F611F42E7}"
EndProject
Global
	GlobalSection(SolutionConfigurationPlatforms) = preSolution
		Debug|Any CPU = Debug|Any CPU
		Release|Any CPU = Release|Any CPU
	EndGlobalSection
	GlobalSection(ProjectConfigurationPlatforms) = postSolution
		{35DB600D-5B30-44F1-83E0-8A5F611F42E7}.Debug|Any CPU.ActiveCfg = Debug|Any CPU
		{35DB600D-5B30-44F1-83E0-8A5F611F42E7}.Debug|Any CPU.Build.0 = Debug|Any CPU
		{35DB600D-5B30-44F1-83E0-8A5F611F42E7}.Release|Any CPU.ActiveCfg = Release|Any CPU
		{35DB600D-5B30-44F1-83E0-8A5F611F42E7}.Release|Any CPU.Build.0 = Release|Any CPU
	EndGlobalSection
	GlobalSection(SolutionProperties) = preSolution
		HideSolutionNode = FALSE
	EndGlobalSection
	GlobalSection(ExtensibilityGlobals) = postSolution
		SolutionGuid = {6DA3C8F0-D2C3-48C6-B7EA-5004FB925AF5}
	EndGlobalSection
EndGlobal
