
Microsoft Visual Studio Solution File, Format Version 12.00
# Visual Studio Version 16
VisualStudioVersion = 16.0.30804.86
MinimumVisualStudioVersion = 10.0.40219.1
Project("{FAE04EC0-301F-11D3-BF4B-00C04F79EFBC}") = "SortedSet-Conjuntos", "SortedSet-Conjuntos\SortedSet-Conjuntos.csproj", "{84F56917-7352-4ADB-B754-4F0E3229924B}"
EndProject
Global
	GlobalSection(SolutionConfigurationPlatforms) = preSolution
		Debug|Any CPU = Debug|Any CPU
		Release|Any CPU = Release|Any CPU
	EndGlobalSection
	GlobalSection(ProjectConfigurationPlatforms) = postSolution
		{84F56917-7352-4ADB-B754-4F0E3229924B}.Debug|Any CPU.ActiveCfg = Debug|Any CPU
		{84F56917-7352-4ADB-B754-4F0E3229924B}.Debug|Any CPU.Build.0 = Debug|Any CPU
		{84F56917-7352-4ADB-B754-4F0E3229924B}.Release|Any CPU.ActiveCfg = Release|Any CPU
		{84F56917-7352-4ADB-B754-4F0E3229924B}.Release|Any CPU.Build.0 = Release|Any CPU
	EndGlobalSection
	GlobalSection(SolutionProperties) = preSolution
		HideSolutionNode = FALSE
	EndGlobalSection
	GlobalSection(ExtensibilityGlobals) = postSolution
		SolutionGuid = {4D239691-B7AF-4C8D-86EB-7C2E14C6A4E9}
	EndGlobalSection
EndGlobal
