
Microsoft Visual Studio Solution File, Format Version 12.00
# Visual Studio Version 16
VisualStudioVersion = 16.0.30804.86
MinimumVisualStudioVersion = 10.0.40219.1
Project("{FAE04EC0-301F-11D3-BF4B-00C04F79EFBC}") = "Foreach", "Foreach\Foreach.csproj", "{BB544AA5-4CA7-4B52-B1D2-5BBD36F3D482}"
EndProject
Global
	GlobalSection(SolutionConfigurationPlatforms) = preSolution
		Debug|Any CPU = Debug|Any CPU
		Release|Any CPU = Release|Any CPU
	EndGlobalSection
	GlobalSection(ProjectConfigurationPlatforms) = postSolution
		{BB544AA5-4CA7-4B52-B1D2-5BBD36F3D482}.Debug|Any CPU.ActiveCfg = Debug|Any CPU
		{BB544AA5-4CA7-4B52-B1D2-5BBD36F3D482}.Debug|Any CPU.Build.0 = Debug|Any CPU
		{BB544AA5-4CA7-4B52-B1D2-5BBD36F3D482}.Release|Any CPU.ActiveCfg = Release|Any CPU
		{BB544AA5-4CA7-4B52-B1D2-5BBD36F3D482}.Release|Any CPU.Build.0 = Release|Any CPU
	EndGlobalSection
	GlobalSection(SolutionProperties) = preSolution
		HideSolutionNode = FALSE
	EndGlobalSection
	GlobalSection(ExtensibilityGlobals) = postSolution
		SolutionGuid = {9766C398-A11A-42B0-98D8-375709BBC926}
	EndGlobalSection
EndGlobal
