
Microsoft Visual Studio Solution File, Format Version 12.00
# Visual Studio Version 16
VisualStudioVersion = 16.0.30804.86
MinimumVisualStudioVersion = 10.0.40219.1
Project("{FAE04EC0-301F-11D3-BF4B-00C04F79EFBC}") = "Operadores-Aritmeticos", "Operadores-Aritmeticos\Operadores-Aritmeticos.csproj", "{18FCBB7B-1EF9-4E68-B1FD-7FB821CEEFCE}"
EndProject
Global
	GlobalSection(SolutionConfigurationPlatforms) = preSolution
		Debug|Any CPU = Debug|Any CPU
		Release|Any CPU = Release|Any CPU
	EndGlobalSection
	GlobalSection(ProjectConfigurationPlatforms) = postSolution
		{18FCBB7B-1EF9-4E68-B1FD-7FB821CEEFCE}.Debug|Any CPU.ActiveCfg = Debug|Any CPU
		{18FCBB7B-1EF9-4E68-B1FD-7FB821CEEFCE}.Debug|Any CPU.Build.0 = Debug|Any CPU
		{18FCBB7B-1EF9-4E68-B1FD-7FB821CEEFCE}.Release|Any CPU.ActiveCfg = Release|Any CPU
		{18FCBB7B-1EF9-4E68-B1FD-7FB821CEEFCE}.Release|Any CPU.Build.0 = Release|Any CPU
	EndGlobalSection
	GlobalSection(SolutionProperties) = preSolution
		HideSolutionNode = FALSE
	EndGlobalSection
	GlobalSection(ExtensibilityGlobals) = postSolution
		SolutionGuid = {D17ED6C2-5E9E-41F7-A5D4-F26BCE39E944}
	EndGlobalSection
EndGlobal
