
Microsoft Visual Studio Solution File, Format Version 12.00
# Visual Studio Version 16
VisualStudioVersion = 16.0.30804.86
MinimumVisualStudioVersion = 10.0.40219.1
Project("{FAE04EC0-301F-11D3-BF4B-00C04F79EFBC}") = "Teste", "Teste\Teste.csproj", "{43E094C9-46BA-4F97-BD86-33F694032C3C}"
EndProject
Global
	GlobalSection(SolutionConfigurationPlatforms) = preSolution
		Debug|Any CPU = Debug|Any CPU
		Release|Any CPU = Release|Any CPU
	EndGlobalSection
	GlobalSection(ProjectConfigurationPlatforms) = postSolution
		{43E094C9-46BA-4F97-BD86-33F694032C3C}.Debug|Any CPU.ActiveCfg = Debug|Any CPU
		{43E094C9-46BA-4F97-BD86-33F694032C3C}.Debug|Any CPU.Build.0 = Debug|Any CPU
		{43E094C9-46BA-4F97-BD86-33F694032C3C}.Release|Any CPU.ActiveCfg = Release|Any CPU
		{43E094C9-46BA-4F97-BD86-33F694032C3C}.Release|Any CPU.Build.0 = Release|Any CPU
	EndGlobalSection
	GlobalSection(SolutionProperties) = preSolution
		HideSolutionNode = FALSE
	EndGlobalSection
	GlobalSection(ExtensibilityGlobals) = postSolution
		SolutionGuid = {321CB500-00C6-47FC-A3C3-05F11EB06C30}
	EndGlobalSection
EndGlobal
