
Microsoft Visual Studio Solution File, Format Version 12.00
# Visual Studio Version 16
VisualStudioVersion = 16.0.30804.86
MinimumVisualStudioVersion = 10.0.40219.1
Project("{FAE04EC0-301F-11D3-BF4B-00C04F79EFBC}") = "Exercicio_Proposto", "Exercicio_Proposto\Exercicio_Proposto.csproj", "{491B0BBD-BE04-476D-BCE6-7C0D32FC800E}"
EndProject
Global
	GlobalSection(SolutionConfigurationPlatforms) = preSolution
		Debug|Any CPU = Debug|Any CPU
		Release|Any CPU = Release|Any CPU
	EndGlobalSection
	GlobalSection(ProjectConfigurationPlatforms) = postSolution
		{491B0BBD-BE04-476D-BCE6-7C0D32FC800E}.Debug|Any CPU.ActiveCfg = Debug|Any CPU
		{491B0BBD-BE04-476D-BCE6-7C0D32FC800E}.Debug|Any CPU.Build.0 = Debug|Any CPU
		{491B0BBD-BE04-476D-BCE6-7C0D32FC800E}.Release|Any CPU.ActiveCfg = Release|Any CPU
		{491B0BBD-BE04-476D-BCE6-7C0D32FC800E}.Release|Any CPU.Build.0 = Release|Any CPU
	EndGlobalSection
	GlobalSection(SolutionProperties) = preSolution
		HideSolutionNode = FALSE
	EndGlobalSection
	GlobalSection(ExtensibilityGlobals) = postSolution
		SolutionGuid = {B75B2B05-94C4-4D96-8F2B-72C02433016F}
	EndGlobalSection
EndGlobal
