
Microsoft Visual Studio Solution File, Format Version 12.00
# Visual Studio Version 16
VisualStudioVersion = 16.0.30804.86
MinimumVisualStudioVersion = 10.0.40219.1
Project("{FAE04EC0-301F-11D3-BF4B-00C04F79EFBC}") = "Exercicio01-2", "Exercicio01-2\Exercicio01-2.csproj", "{8333F793-20F8-4034-882C-70F9905D0B6F}"
EndProject
Global
	GlobalSection(SolutionConfigurationPlatforms) = preSolution
		Debug|Any CPU = Debug|Any CPU
		Release|Any CPU = Release|Any CPU
	EndGlobalSection
	GlobalSection(ProjectConfigurationPlatforms) = postSolution
		{8333F793-20F8-4034-882C-70F9905D0B6F}.Debug|Any CPU.ActiveCfg = Debug|Any CPU
		{8333F793-20F8-4034-882C-70F9905D0B6F}.Debug|Any CPU.Build.0 = Debug|Any CPU
		{8333F793-20F8-4034-882C-70F9905D0B6F}.Release|Any CPU.ActiveCfg = Release|Any CPU
		{8333F793-20F8-4034-882C-70F9905D0B6F}.Release|Any CPU.Build.0 = Release|Any CPU
	EndGlobalSection
	GlobalSection(SolutionProperties) = preSolution
		HideSolutionNode = FALSE
	EndGlobalSection
	GlobalSection(ExtensibilityGlobals) = postSolution
		SolutionGuid = {60434F69-3A47-480E-95DE-227DFC193102}
	EndGlobalSection
EndGlobal
