
Microsoft Visual Studio Solution File, Format Version 12.00
# Visual Studio Version 16
VisualStudioVersion = 16.0.30804.86
MinimumVisualStudioVersion = 10.0.40219.1
Project("{FAE04EC0-301F-11D3-BF4B-00C04F79EFBC}") = "Exercicio-Fixacao-Abstract", "Exercicio-Fixacao-Abstract\Exercicio-Fixacao-Abstract.csproj", "{FF4B25A8-4058-4D23-8C0A-00E4CA789158}"
EndProject
Global
	GlobalSection(SolutionConfigurationPlatforms) = preSolution
		Debug|Any CPU = Debug|Any CPU
		Release|Any CPU = Release|Any CPU
	EndGlobalSection
	GlobalSection(ProjectConfigurationPlatforms) = postSolution
		{FF4B25A8-4058-4D23-8C0A-00E4CA789158}.Debug|Any CPU.ActiveCfg = Debug|Any CPU
		{FF4B25A8-4058-4D23-8C0A-00E4CA789158}.Debug|Any CPU.Build.0 = Debug|Any CPU
		{FF4B25A8-4058-4D23-8C0A-00E4CA789158}.Release|Any CPU.ActiveCfg = Release|Any CPU
		{FF4B25A8-4058-4D23-8C0A-00E4CA789158}.Release|Any CPU.Build.0 = Release|Any CPU
	EndGlobalSection
	GlobalSection(SolutionProperties) = preSolution
		HideSolutionNode = FALSE
	EndGlobalSection
	GlobalSection(ExtensibilityGlobals) = postSolution
		SolutionGuid = {CAA285ED-4936-4407-9F72-0974267C3361}
	EndGlobalSection
EndGlobal
