
Microsoft Visual Studio Solution File, Format Version 12.00
# Visual Studio Version 16
VisualStudioVersion = 16.0.30804.86
MinimumVisualStudioVersion = 10.0.40219.1
Project("{FAE04EC0-301F-11D3-BF4B-00C04F79EFBC}") = "Linq-Introducao", "Linq-Introducao\Linq-Introducao.csproj", "{8A35CFFA-F609-41BA-8679-8AEA66043093}"
EndProject
Global
	GlobalSection(SolutionConfigurationPlatforms) = preSolution
		Debug|Any CPU = Debug|Any CPU
		Release|Any CPU = Release|Any CPU
	EndGlobalSection
	GlobalSection(ProjectConfigurationPlatforms) = postSolution
		{8A35CFFA-F609-41BA-8679-8AEA66043093}.Debug|Any CPU.ActiveCfg = Debug|Any CPU
		{8A35CFFA-F609-41BA-8679-8AEA66043093}.Debug|Any CPU.Build.0 = Debug|Any CPU
		{8A35CFFA-F609-41BA-8679-8AEA66043093}.Release|Any CPU.ActiveCfg = Release|Any CPU
		{8A35CFFA-F609-41BA-8679-8AEA66043093}.Release|Any CPU.Build.0 = Release|Any CPU
	EndGlobalSection
	GlobalSection(SolutionProperties) = preSolution
		HideSolutionNode = FALSE
	EndGlobalSection
	GlobalSection(ExtensibilityGlobals) = postSolution
		SolutionGuid = {CC8819FB-58DE-4DEF-9575-AD284C9106A6}
	EndGlobalSection
EndGlobal
