
Microsoft Visual Studio Solution File, Format Version 12.00
# Visual Studio Version 16
VisualStudioVersion = 16.0.30804.86
MinimumVisualStudioVersion = 10.0.40219.1
Project("{FAE04EC0-301F-11D3-BF4B-00C04F79EFBC}") = "DateTimeKind_iso8601", "DateTimeKind_iso8601\DateTimeKind_iso8601.csproj", "{A28F1A5A-0D19-4760-AC4C-12BF98531715}"
EndProject
Global
	GlobalSection(SolutionConfigurationPlatforms) = preSolution
		Debug|Any CPU = Debug|Any CPU
		Release|Any CPU = Release|Any CPU
	EndGlobalSection
	GlobalSection(ProjectConfigurationPlatforms) = postSolution
		{A28F1A5A-0D19-4760-AC4C-12BF98531715}.Debug|Any CPU.ActiveCfg = Debug|Any CPU
		{A28F1A5A-0D19-4760-AC4C-12BF98531715}.Debug|Any CPU.Build.0 = Debug|Any CPU
		{A28F1A5A-0D19-4760-AC4C-12BF98531715}.Release|Any CPU.ActiveCfg = Release|Any CPU
		{A28F1A5A-0D19-4760-AC4C-12BF98531715}.Release|Any CPU.Build.0 = Release|Any CPU
	EndGlobalSection
	GlobalSection(SolutionProperties) = preSolution
		HideSolutionNode = FALSE
	EndGlobalSection
	GlobalSection(ExtensibilityGlobals) = postSolution
		SolutionGuid = {20F49201-C854-4179-B385-EBC8F4A01B0F}
	EndGlobalSection
EndGlobal
