
Microsoft Visual Studio Solution File, Format Version 12.00
# Visual Studio Version 16
VisualStudioVersion = 16.0.30804.86
MinimumVisualStudioVersion = 10.0.40219.1
Project("{FAE04EC0-301F-11D3-BF4B-00C04F79EFBC}") = "DateTime", "DateTime\DateTime.csproj", "{84248255-ADFE-4223-B934-5C91481CE17B}"
EndProject
Global
	GlobalSection(SolutionConfigurationPlatforms) = preSolution
		Debug|Any CPU = Debug|Any CPU
		Release|Any CPU = Release|Any CPU
	EndGlobalSection
	GlobalSection(ProjectConfigurationPlatforms) = postSolution
		{84248255-ADFE-4223-B934-5C91481CE17B}.Debug|Any CPU.ActiveCfg = Debug|Any CPU
		{84248255-ADFE-4223-B934-5C91481CE17B}.Debug|Any CPU.Build.0 = Debug|Any CPU
		{84248255-ADFE-4223-B934-5C91481CE17B}.Release|Any CPU.ActiveCfg = Release|Any CPU
		{84248255-ADFE-4223-B934-5C91481CE17B}.Release|Any CPU.Build.0 = Release|Any CPU
	EndGlobalSection
	GlobalSection(SolutionProperties) = preSolution
		HideSolutionNode = FALSE
	EndGlobalSection
	GlobalSection(ExtensibilityGlobals) = postSolution
		SolutionGuid = {36CE2EDA-5376-4197-A0FF-D42D3C3B152B}
	EndGlobalSection
EndGlobal
