
Microsoft Visual Studio Solution File, Format Version 12.00
# Visual Studio Version 16
VisualStudioVersion = 16.0.30804.86
MinimumVisualStudioVersion = 10.0.40219.1
Project("{FAE04EC0-301F-11D3-BF4B-00C04F79EFBC}") = "Exercicio-Fixacao-Lambda", "Exercicio-Fixacao-Lambda\Exercicio-Fixacao-Lambda.csproj", "{C595C682-332E-4633-856C-3BA1968BC12B}"
EndProject
Global
	GlobalSection(SolutionConfigurationPlatforms) = preSolution
		Debug|Any CPU = Debug|Any CPU
		Release|Any CPU = Release|Any CPU
	EndGlobalSection
	GlobalSection(ProjectConfigurationPlatforms) = postSolution
		{C595C682-332E-4633-856C-3BA1968BC12B}.Debug|Any CPU.ActiveCfg = Debug|Any CPU
		{C595C682-332E-4633-856C-3BA1968BC12B}.Debug|Any CPU.Build.0 = Debug|Any CPU
		{C595C682-332E-4633-856C-3BA1968BC12B}.Release|Any CPU.ActiveCfg = Release|Any CPU
		{C595C682-332E-4633-856C-3BA1968BC12B}.Release|Any CPU.Build.0 = Release|Any CPU
	EndGlobalSection
	GlobalSection(SolutionProperties) = preSolution
		HideSolutionNode = FALSE
	EndGlobalSection
	GlobalSection(ExtensibilityGlobals) = postSolution
		SolutionGuid = {FE3B3CBA-E49A-46E1-90D3-1EF691D0C3CF}
	EndGlobalSection
EndGlobal
