
Microsoft Visual Studio Solution File, Format Version 12.00
# Visual Studio Version 16
VisualStudioVersion = 16.0.30804.86
MinimumVisualStudioVersion = 10.0.40219.1
Project("{FAE04EC0-301F-11D3-BF4B-00C04F79EFBC}") = "Exercicio02-4", "Exercicio02-4\Exercicio02-4.csproj", "{AE5AC84F-61E5-4469-972C-94D5A4153021}"
EndProject
Global
	GlobalSection(SolutionConfigurationPlatforms) = preSolution
		Debug|Any CPU = Debug|Any CPU
		Release|Any CPU = Release|Any CPU
	EndGlobalSection
	GlobalSection(ProjectConfigurationPlatforms) = postSolution
		{AE5AC84F-61E5-4469-972C-94D5A4153021}.Debug|Any CPU.ActiveCfg = Debug|Any CPU
		{AE5AC84F-61E5-4469-972C-94D5A4153021}.Debug|Any CPU.Build.0 = Debug|Any CPU
		{AE5AC84F-61E5-4469-972C-94D5A4153021}.Release|Any CPU.ActiveCfg = Release|Any CPU
		{AE5AC84F-61E5-4469-972C-94D5A4153021}.Release|Any CPU.Build.0 = Release|Any CPU
	EndGlobalSection
	GlobalSection(SolutionProperties) = preSolution
		HideSolutionNode = FALSE
	EndGlobalSection
	GlobalSection(ExtensibilityGlobals) = postSolution
		SolutionGuid = {5229CEA2-6610-4EC9-A190-10D0FDCADA32}
	EndGlobalSection
EndGlobal
